
Microsoft Visual Studio Solution File, Format Version 12.00
# Visual Studio Version 17
VisualStudioVersion = 17.6.33815.320
MinimumVisualStudioVersion = 10.0.40219.1
Project("{FAE04EC0-301F-11D3-BF4B-00C04F79EFBC}") = "Assignment13", "Assignment13\Assignment13.csproj", "{2467496A-8BE8-4E8D-BFCD-F2F9416BC57D}"
EndProject
Global
	GlobalSection(SolutionConfigurationPlatforms) = preSolution
		Debug|Any CPU = Debug|Any CPU
		Release|Any CPU = Release|Any CPU
	EndGlobalSection
	GlobalSection(ProjectConfigurationPlatforms) = postSolution
		{2467496A-8BE8-4E8D-BFCD-F2F9416BC57D}.Debug|Any CPU.ActiveCfg = Debug|Any CPU
		{2467496A-8BE8-4E8D-BFCD-F2F9416BC57D}.Debug|Any CPU.Build.0 = Debug|Any CPU
		{2467496A-8BE8-4E8D-BFCD-F2F9416BC57D}.Release|Any CPU.ActiveCfg = Release|Any CPU
		{2467496A-8BE8-4E8D-BFCD-F2F9416BC57D}.Release|Any CPU.Build.0 = Release|Any CPU
	EndGlobalSection
	GlobalSection(SolutionProperties) = preSolution
		HideSolutionNode = FALSE
	EndGlobalSection
	GlobalSection(ExtensibilityGlobals) = postSolution
		SolutionGuid = {3B26D093-0524-46E7-B3A4-8A73D725E2B1}
	EndGlobalSection
EndGlobal
